// !$*UTF8*$!
{
	archiveVersion = 1;
	classes = {
	};
	objectVersion = 50;
	objects = {

/* Begin PBXBuildFile section */
		FB52BB2726E4DBBF0034CB03 /* AppDelegate.swift in Sources */ = {isa = PBXBuildFile; fileRef = FB52BB2626E4DBBF0034CB03 /* AppDelegate.swift */; };
		FB52BB2926E4DBBF0034CB03 /* SceneDelegate.swift in Sources */ = {isa = PBXBuildFile; fileRef = FB52BB2826E4DBBF0034CB03 /* SceneDelegate.swift */; };
		FB52BB2B26E4DBBF0034CB03 /* ViewController.swift in Sources */ = {isa = PBXBuildFile; fileRef = FB52BB2A26E4DBBF0034CB03 /* ViewController.swift */; };
		FB52BB2E26E4DBBF0034CB03 /* Main.storyboard in Resources */ = {isa = PBXBuildFile; fileRef = FB52BB2C26E4DBBF0034CB03 /* Main.storyboard */; };
		FB52BB3026E4DBC20034CB03 /* Assets.xcassets in Resources */ = {isa = PBXBuildFile; fileRef = FB52BB2F26E4DBC20034CB03 /* Assets.xcassets */; };
		FB52BB3326E4DBC20034CB03 /* LaunchScreen.storyboard in Resources */ = {isa = PBXBuildFile; fileRef = FB52BB3126E4DBC20034CB03 /* LaunchScreen.storyboard */; };
		FB52BB3E26E4DBC20034CB03 /* Tip_CalculatorTests.swift in Sources */ = {isa = PBXBuildFile; fileRef = FB52BB3D26E4DBC20034CB03 /* Tip_CalculatorTests.swift */; };
		FB52BB4926E4DBC20034CB03 /* Tip_CalculatorUITests.swift in Sources */ = {isa = PBXBuildFile; fileRef = FB52BB4826E4DBC20034CB03 /* Tip_CalculatorUITests.swift */; };
/* End PBXBuildFile section */

/* Begin PBXContainerItemProxy section */
		FB52BB3A26E4DBC20034CB03 /* PBXContainerItemProxy */ = {
			isa = PBXContainerItemProxy;
			containerPortal = FB52BB1B26E4DBBF0034CB03 /* Project object */;
			proxyType = 1;
			remoteGlobalIDString = FB52BB2226E4DBBF0034CB03;
			remoteInfo = "Tip Calculator";
		};
		FB52BB4526E4DBC20034CB03 /* PBXContainerItemProxy */ = {
			isa = PBXContainerItemProxy;
			containerPortal = FB52BB1B26E4DBBF0034CB03 /* Project object */;
			proxyType = 1;
			remoteGlobalIDString = FB52BB2226E4DBBF0034CB03;
			remoteInfo = "Tip Calculator";
		};
/* End PBXContainerItemProxy section */

/* Begin PBXFileReference section */
		FB52BB2326E4DBBF0034CB03 /* Tip Calculator.app */ = {isa = PBXFileReference; explicitFileType = wrapper.application; includeInIndex = 0; path = "Tip Calculator.app"; sourceTree = BUILT_PRODUCTS_DIR; };
		FB52BB2626E4DBBF0034CB03 /* AppDelegate.swift */ = {isa = PBXFileReference; lastKnownFileType = sourcecode.swift; path = AppDelegate.swift; sourceTree = "<group>"; };
		FB52BB2826E4DBBF0034CB03 /* SceneDelegate.swift */ = {isa = PBXFileReference; lastKnownFileType = sourcecode.swift; path = SceneDelegate.swift; sourceTree = "<group>"; };
		FB52BB2A26E4DBBF0034CB03 /* ViewController.swift */ = {isa = PBXFileReference; lastKnownFileType = sourcecode.swift; path = ViewController.swift; sourceTree = "<group>"; };
		FB52BB2D26E4DBBF0034CB03 /* Base */ = {isa = PBXFileReference; lastKnownFileType = file.storyboard; name = Base; path = Base.lproj/Main.storyboard; sourceTree = "<group>"; };
		FB52BB2F26E4DBC20034CB03 /* Assets.xcassets */ = {isa = PBXFileReference; lastKnownFileType = folder.assetcatalog; path = Assets.xcassets; sourceTree = "<group>"; };
		FB52BB3226E4DBC20034CB03 /* Base */ = {isa = PBXFileReference; lastKnownFileType = file.storyboard; name = Base; path = Base.lproj/LaunchScreen.storyboard; sourceTree = "<group>"; };
		FB52BB3426E4DBC20034CB03 /* Info.plist */ = {isa = PBXFileReference; lastKnownFileType = text.plist.xml; path = Info.plist; sourceTree = "<group>"; };
		FB52BB3926E4DBC20034CB03 /* Tip CalculatorTests.xctest */ = {isa = PBXFileReference; explicitFileType = wrapper.cfbundle; includeInIndex = 0; path = "Tip CalculatorTests.xctest"; sourceTree = BUILT_PRODUCTS_DIR; };
		FB52BB3D26E4DBC20034CB03 /* Tip_CalculatorTests.swift */ = {isa = PBXFileReference; lastKnownFileType = sourcecode.swift; path = Tip_CalculatorTests.swift; sourceTree = "<group>"; };
		FB52BB3F26E4DBC20034CB03 /* Info.plist */ = {isa = PBXFileReference; lastKnownFileType = text.plist.xml; path = Info.plist; sourceTree = "<group>"; };
		FB52BB4426E4DBC20034CB03 /* Tip CalculatorUITests.xctest */ = {isa = PBXFileReference; explicitFileType = wrapper.cfbundle; includeInIndex = 0; path = "Tip CalculatorUITests.xctest"; sourceTree = BUILT_PRODUCTS_DIR; };
		FB52BB4826E4DBC20034CB03 /* Tip_CalculatorUITests.swift */ = {isa = PBXFileReference; lastKnownFileType = sourcecode.swift; path = Tip_CalculatorUITests.swift; sourceTree = "<group>"; };
		FB52BB4A26E4DBC20034CB03 /* Info.plist */ = {isa = PBXFileReference; lastKnownFileType = text.plist.xml; path = Info.plist; sourceTree = "<group>"; };
/* End PBXFileReference section */

/* Begin PBXFrameworksBuildPhase section */
		FB52BB2026E4DBBF0034CB03 /* Frameworks */ = {
			isa = PBXFrameworksBuildPhase;
			buildActionMask = 2147483647;
			files = (
			);
			runOnlyForDeploymentPostprocessing = 0;
		};
		FB52BB3626E4DBC20034CB03 /* Frameworks */ = {
			isa = PBXFrameworksBuildPhase;
			buildActionMask = 2147483647;
			files = (
			);
			runOnlyForDeploymentPostprocessing = 0;
		};
		FB52BB4126E4DBC20034CB03 /* Frameworks */ = {
			isa = PBXFrameworksBuildPhase;
			buildActionMask = 2147483647;
			files = (
			);
			runOnlyForDeploymentPostprocessing = 0;
		};
/* End PBXFrameworksBuildPhase section */

/* Begin PBXGroup section */
		FB52BB1A26E4DBBF0034CB03 = {
			isa = PBXGroup;
			children = (
				FB52BB2526E4DBBF0034CB03 /* Tip Calculator */,
				FB52BB3C26E4DBC20034CB03 /* Tip CalculatorTests */,
				FB52BB4726E4DBC20034CB03 /* Tip CalculatorUITests */,
				FB52BB2426E4DBBF0034CB03 /* Products */,
			);
			sourceTree = "<group>";
		};
		FB52BB2426E4DBBF0034CB03 /* Products */ = {
			isa = PBXGroup;
			children = (
				FB52BB2326E4DBBF0034CB03 /* Tip Calculator.app */,
				FB52BB3926E4DBC20034CB03 /* Tip CalculatorTests.xctest */,
				FB52BB4426E4DBC20034CB03 /* Tip CalculatorUITests.xctest */,
			);
			name = Products;
			sourceTree = "<group>";
		};
		FB52BB2526E4DBBF0034CB03 /* Tip Calculator */ = {
			isa = PBXGroup;
			children = (
				FB52BB2626E4DBBF0034CB03 /* AppDelegate.swift */,
				FB52BB2826E4DBBF0034CB03 /* SceneDelegate.swift */,
				FB52BB2A26E4DBBF0034CB03 /* ViewController.swift */,
				FB52BB2C26E4DBBF0034CB03 /* Main.storyboard */,
				FB52BB2F26E4DBC20034CB03 /* Assets.xcassets */,
				FB52BB3126E4DBC20034CB03 /* LaunchScreen.storyboard */,
				FB52BB3426E4DBC20034CB03 /* Info.plist */,
			);
			path = "Tip Calculator";
			sourceTree = "<group>";
		};
		FB52BB3C26E4DBC20034CB03 /* Tip CalculatorTests */ = {
			isa = PBXGroup;
			children = (
				FB52BB3D26E4DBC20034CB03 /* Tip_CalculatorTests.swift */,
				FB52BB3F26E4DBC20034CB03 /* Info.plist */,
			);
			path = "Tip CalculatorTests";
			sourceTree = "<group>";
		};
		FB52BB4726E4DBC20034CB03 /* Tip CalculatorUITests */ = {
			isa = PBXGroup;
			children = (
				FB52BB4826E4DBC20034CB03 /* Tip_CalculatorUITests.swift */,
				FB52BB4A26E4DBC20034CB03 /* Info.plist */,
			);
			path = "Tip CalculatorUITests";
			sourceTree = "<group>";
		};
/* End PBXGroup section */

/* Begin PBXNativeTarget section */
		FB52BB2226E4DBBF0034CB03 /* Tip Calculator */ = {
			isa = PBXNativeTarget;
			buildConfigurationList = FB52BB4D26E4DBC20034CB03 /* Build configuration list for PBXNativeTarget "Tip Calculator" */;
			buildPhases = (
				FB52BB1F26E4DBBF0034CB03 /* Sources */,
				FB52BB2026E4DBBF0034CB03 /* Frameworks */,
				FB52BB2126E4DBBF0034CB03 /* Resources */,
			);
			buildRules = (
			);
			dependencies = (
			);
			name = "Tip Calculator";
			productName = "Tip Calculator";
			productReference = FB52BB2326E4DBBF0034CB03 /* Tip Calculator.app */;
			productType = "com.apple.product-type.application";
		};
		FB52BB3826E4DBC20034CB03 /* Tip CalculatorTests */ = {
			isa = PBXNativeTarget;
			buildConfigurationList = FB52BB5026E4DBC20034CB03 /* Build configuration list for PBXNativeTarget "Tip CalculatorTests" */;
			buildPhases = (
				FB52BB3526E4DBC20034CB03 /* Sources */,
				FB52BB3626E4DBC20034CB03 /* Frameworks */,
				FB52BB3726E4DBC20034CB03 /* Resources */,
			);
			buildRules = (
			);
			dependencies = (
				FB52BB3B26E4DBC20034CB03 /* PBXTargetDependency */,
			);
			name = "Tip CalculatorTests";
			productName = "Tip CalculatorTests";
			productReference = FB52BB3926E4DBC20034CB03 /* Tip CalculatorTests.xctest */;
			productType = "com.apple.product-type.bundle.unit-test";
		};
		FB52BB4326E4DBC20034CB03 /* Tip CalculatorUITests */ = {
			isa = PBXNativeTarget;
			buildConfigurationList = FB52BB5326E4DBC20034CB03 /* Build configuration list for PBXNativeTarget "Tip CalculatorUITests" */;
			buildPhases = (
				FB52BB4026E4DBC20034CB03 /* Sources */,
				FB52BB4126E4DBC20034CB03 /* Frameworks */,
				FB52BB4226E4DBC20034CB03 /* Resources */,
			);
			buildRules = (
			);
			dependencies = (
				FB52BB4626E4DBC20034CB03 /* PBXTargetDependency */,
			);
			name = "Tip CalculatorUITests";
			productName = "Tip CalculatorUITests";
			productReference = FB52BB4426E4DBC20034CB03 /* Tip CalculatorUITests.xctest */;
			productType = "com.apple.product-type.bundle.ui-testing";
		};
/* End PBXNativeTarget section */

/* Begin PBXProject section */
		FB52BB1B26E4DBBF0034CB03 /* Project object */ = {
			isa = PBXProject;
			attributes = {
				LastSwiftUpdateCheck = 1250;
				LastUpgradeCheck = 1250;
				TargetAttributes = {
					FB52BB2226E4DBBF0034CB03 = {
						CreatedOnToolsVersion = 12.5.1;
					};
					FB52BB3826E4DBC20034CB03 = {
						CreatedOnToolsVersion = 12.5.1;
						TestTargetID = FB52BB2226E4DBBF0034CB03;
					};
					FB52BB4326E4DBC20034CB03 = {
						CreatedOnToolsVersion = 12.5.1;
						TestTargetID = FB52BB2226E4DBBF0034CB03;
					};
				};
			};
			buildConfigurationList = FB52BB1E26E4DBBF0034CB03 /* Build configuration list for PBXProject "Tip Calculator" */;
			compatibilityVersion = "Xcode 9.3";
			developmentRegion = en;
			hasScannedForEncodings = 0;
			knownRegions = (
				en,
				Base,
			);
			mainGroup = FB52BB1A26E4DBBF0034CB03;
			productRefGroup = FB52BB2426E4DBBF0034CB03 /* Products */;
			projectDirPath = "";
			projectRoot = "";
			targets = (
				FB52BB2226E4DBBF0034CB03 /* Tip Calculator */,
				FB52BB3826E4DBC20034CB03 /* Tip CalculatorTests */,
				FB52BB4326E4DBC20034CB03 /* Tip CalculatorUITests */,
			);
		};
/* End PBXProject section */

/* Begin PBXResourcesBuildPhase section */
		FB52BB2126E4DBBF0034CB03 /* Resources */ = {
			isa = PBXResourcesBuildPhase;
			buildActionMask = 2147483647;
			files = (
				FB52BB3326E4DBC20034CB03 /* LaunchScreen.storyboard in Resources */,
				FB52BB3026E4DBC20034CB03 /* Assets.xcassets in Resources */,
				FB52BB2E26E4DBBF0034CB03 /* Main.storyboard in Resources */,
			);
			runOnlyForDeploymentPostprocessing = 0;
		};
		FB52BB3726E4DBC20034CB03 /* Resources */ = {
			isa = PBXResourcesBuildPhase;
			buildActionMask = 2147483647;
			files = (
			);
			runOnlyForDeploymentPostprocessing = 0;
		};
		FB52BB4226E4DBC20034CB03 /* Resources */ = {
			isa = PBXResourcesBuildPhase;
			buildActionMask = 2147483647;
			files = (
			);
			runOnlyForDeploymentPostprocessing = 0;
		};
/* End PBXResourcesBuildPhase section */

/* Begin PBXSourcesBuildPhase section */
		FB52BB1F26E4DBBF0034CB03 /* Sources */ = {
			isa = PBXSourcesBuildPhase;
			buildActionMask = 2147483647;
			files = (
				FB52BB2B26E4DBBF0034CB03 /* ViewController.swift in Sources */,
				FB52BB2726E4DBBF0034CB03 /* AppDelegate.swift in Sources */,
				FB52BB2926E4DBBF0034CB03 /* SceneDelegate.swift in Sources */,
			);
			runOnlyForDeploymentPostprocessing = 0;
		};
		FB52BB3526E4DBC20034CB03 /* Sources */ = {
			isa = PBXSourcesBuildPhase;
			buildActionMask = 2147483647;
			files = (
				FB52BB3E26E4DBC20034CB03 /* Tip_CalculatorTests.swift in Sources */,
			);
			runOnlyForDeploymentPostprocessing = 0;
		};
		FB52BB4026E4DBC20034CB03 /* Sources */ = {
			isa = PBXSourcesBuildPhase;
			buildActionMask = 2147483647;
			files = (
				FB52BB4926E4DBC20034CB03 /* Tip_CalculatorUITests.swift in Sources */,
			);
			runOnlyForDeploymentPostprocessing = 0;
		};
/* End PBXSourcesBuildPhase section */

/* Begin PBXTargetDependency section */
		FB52BB3B26E4DBC20034CB03 /* PBXTargetDependency */ = {
			isa = PBXTargetDependency;
			target = FB52BB2226E4DBBF0034CB03 /* Tip Calculator */;
			targetProxy = FB52BB3A26E4DBC20034CB03 /* PBXContainerItemProxy */;
		};
		FB52BB4626E4DBC20034CB03 /* PBXTargetDependency */ = {
			isa = PBXTargetDependency;
			target = FB52BB2226E4DBBF0034CB03 /* Tip Calculator */;
			targetProxy = FB52BB4526E4DBC20034CB03 /* PBXContainerItemProxy */;
		};
/* End PBXTargetDependency section */

/* Begin PBXVariantGroup section */
		FB52BB2C26E4DBBF0034CB03 /* Main.storyboard */ = {
			isa = PBXVariantGroup;
			children = (
				FB52BB2D26E4DBBF0034CB03 /* Base */,
			);
			name = Main.storyboard;
			sourceTree = "<group>";
		};
		FB52BB3126E4DBC20034CB03 /* LaunchScreen.storyboard */ = {
			isa = PBXVariantGroup;
			children = (
				FB52BB3226E4DBC20034CB03 /* Base */,
			);
			name = LaunchScreen.storyboard;
			sourceTree = "<group>";
		};
/* End PBXVariantGroup section */

/* Begin XCBuildConfiguration section */
		FB52BB4B26E4DBC20034CB03 /* Debug */ = {
			isa = XCBuildConfiguration;
			buildSettings = {
				ALWAYS_SEARCH_USER_PATHS = NO;
				CLANG_ANALYZER_NONNULL = YES;
				CLANG_ANALYZER_NUMBER_OBJECT_CONVERSION = YES_AGGRESSIVE;
				CLANG_CXX_LANGUAGE_STANDARD = "gnu++14";
				CLANG_CXX_LIBRARY = "libc++";
				CLANG_ENABLE_MODULES = YES;
				CLANG_ENABLE_OBJC_ARC = YES;
				CLANG_ENABLE_OBJC_WEAK = YES;
				CLANG_WARN_BLOCK_CAPTURE_AUTORELEASING = YES;
				CLANG_WARN_BOOL_CONVERSION = YES;
				CLANG_WARN_COMMA = YES;
				CLANG_WARN_CONSTANT_CONVERSION = YES;
				CLANG_WARN_DEPRECATED_OBJC_IMPLEMENTATIONS = YES;
				CLANG_WARN_DIRECT_OBJC_ISA_USAGE = YES_ERROR;
				CLANG_WARN_DOCUMENTATION_COMMENTS = YES;
				CLANG_WARN_EMPTY_BODY = YES;
				CLANG_WARN_ENUM_CONVERSION = YES;
				CLANG_WARN_INFINITE_RECURSION = YES;
				CLANG_WARN_INT_CONVERSION = YES;
				CLANG_WARN_NON_LITERAL_NULL_CONVERSION = YES;
				CLANG_WARN_OBJC_IMPLICIT_RETAIN_SELF = YES;
				CLANG_WARN_OBJC_LITERAL_CONVERSION = YES;
				CLANG_WARN_OBJC_ROOT_CLASS = YES_ERROR;
				CLANG_WARN_QUOTED_INCLUDE_IN_FRAMEWORK_HEADER = YES;
				CLANG_WARN_RANGE_LOOP_ANALYSIS = YES;
				CLANG_WARN_STRICT_PROTOTYPES = YES;
				CLANG_WARN_SUSPICIOUS_MOVE = YES;
				CLANG_WARN_UNGUARDED_AVAILABILITY = YES_AGGRESSIVE;
				CLANG_WARN_UNREACHABLE_CODE = YES;
				CLANG_WARN__DUPLICATE_METHOD_MATCH = YES;
				COPY_PHASE_STRIP = NO;
				DEBUG_INFORMATION_FORMAT = dwarf;
				ENABLE_STRICT_OBJC_MSGSEND = YES;
				ENABLE_TESTABILITY = YES;
				GCC_C_LANGUAGE_STANDARD = gnu11;
				GCC_DYNAMIC_NO_PIC = NO;
				GCC_NO_COMMON_BLOCKS = YES;
				GCC_OPTIMIZATION_LEVEL = 0;
				GCC_PREPROCESSOR_DEFINITIONS = (
					"DEBUG=1",
					"$(inherited)",
				);
				GCC_WARN_64_TO_32_BIT_CONVERSION = YES;
				GCC_WARN_ABOUT_RETURN_TYPE = YES_ERROR;
				GCC_WARN_UNDECLARED_SELECTOR = YES;
				GCC_WARN_UNINITIALIZED_AUTOS = YES_AGGRESSIVE;
				GCC_WARN_UNUSED_FUNCTION = YES;
				GCC_WARN_UNUSED_VARIABLE = YES;
				IPHONEOS_DEPLOYMENT_TARGET = 14.5;
				MTL_ENABLE_DEBUG_INFO = INCLUDE_SOURCE;
				MTL_FAST_MATH = YES;
				ONLY_ACTIVE_ARCH = YES;
				SDKROOT = iphoneos;
				SWIFT_ACTIVE_COMPILATION_CONDITIONS = DEBUG;
				SWIFT_OPTIMIZATION_LEVEL = "-Onone";
			};
			name = Debug;
		};
		FB52BB4C26E4DBC20034CB03 /* Release */ = {
			isa = XCBuildConfiguration;
			buildSettings = {
				ALWAYS_SEARCH_USER_PATHS = NO;
				CLANG_ANALYZER_NONNULL = YES;
				CLANG_ANALYZER_NUMBER_OBJECT_CONVERSION = YES_AGGRESSIVE;
				CLANG_CXX_LANGUAGE_STANDARD = "gnu++14";
				CLANG_CXX_LIBRARY = "libc++";
				CLANG_ENABLE_MODULES = YES;
				CLANG_ENABLE_OBJC_ARC = YES;
				CLANG_ENABLE_OBJC_WEAK = YES;
				CLANG_WARN_BLOCK_CAPTURE_AUTORELEASING = YES;
				CLANG_WARN_BOOL_CONVERSION = YES;
				CLANG_WARN_COMMA = YES;
				CLANG_WARN_CONSTANT_CONVERSION = YES;
				CLANG_WARN_DEPRECATED_OBJC_IMPLEMENTATIONS = YES;
				CLANG_WARN_DIRECT_OBJC_ISA_USAGE = YES_ERROR;
				CLANG_WARN_DOCUMENTATION_COMMENTS = YES;
				CLANG_WARN_EMPTY_BODY = YES;
				CLANG_WARN_ENUM_CONVERSION = YES;
				CLANG_WARN_INFINITE_RECURSION = YES;
				CLANG_WARN_INT_CONVERSION = YES;
				CLANG_WARN_NON_LITERAL_NULL_CONVERSION = YES;
				CLANG_WARN_OBJC_IMPLICIT_RETAIN_SELF = YES;
				CLANG_WARN_OBJC_LITERAL_CONVERSION = YES;
				CLANG_WARN_OBJC_ROOT_CLASS = YES_ERROR;
				CLANG_WARN_QUOTED_INCLUDE_IN_FRAMEWORK_HEADER = YES;
				CLANG_WARN_RANGE_LOOP_ANALYSIS = YES;
				CLANG_WARN_STRICT_PROTOTYPES = YES;
				CLANG_WARN_SUSPICIOUS_MOVE = YES;
				CLANG_WARN_UNGUARDED_AVAILABILITY = YES_AGGRESSIVE;
				CLANG_WARN_UNREACHABLE_CODE = YES;
				CLANG_WARN__DUPLICATE_METHOD_MATCH = YES;
				COPY_PHASE_STRIP = NO;
				DEBUG_INFORMATION_FORMAT = "dwarf-with-dsym";
				ENABLE_NS_ASSERTIONS = NO;
				ENABLE_STRICT_OBJC_MSGSEND = YES;
				GCC_C_LANGUAGE_STANDARD = gnu11;
				GCC_NO_COMMON_BLOCKS = YES;
				GCC_WARN_64_TO_32_BIT_CONVERSION = YES;
				GCC_WARN_ABOUT_RETURN_TYPE = YES_ERROR;
				GCC_WARN_UNDECLARED_SELECTOR = YES;
				GCC_WARN_UNINITIALIZED_AUTOS = YES_AGGRESSIVE;
				GCC_WARN_UNUSED_FUNCTION = YES;
				GCC_WARN_UNUSED_VARIABLE = YES;
				IPHONEOS_DEPLOYMENT_TARGET = 14.5;
				MTL_ENABLE_DEBUG_INFO = NO;
				MTL_FAST_MATH = YES;
				SDKROOT = iphoneos;
				SWIFT_COMPILATION_MODE = wholemodule;
				SWIFT_OPTIMIZATION_LEVEL = "-O";
				VALIDATE_PRODUCT = YES;
			};
			name = Release;
		};
		FB52BB4E26E4DBC20034CB03 /* Debug */ = {
			isa = XCBuildConfiguration;
			buildSettings = {
				ASSETCATALOG_COMPILER_APPICON_NAME = AppIcon;
				ASSETCATALOG_COMPILER_GLOBAL_ACCENT_COLOR_NAME = AccentColor;
				CODE_SIGN_STYLE = Automatic;
				DEVELOPMENT_TEAM = 7888D5H57B;
				INFOPLIST_FILE = "Tip Calculator/Info.plist";
				LD_RUNPATH_SEARCH_PATHS = (
					"$(inherited)",
					"@executable_path/Frameworks",
				);
				PRODUCT_BUNDLE_IDENTIFIER = "mjk.Tip-Calculator";
				PRODUCT_NAME = "$(TARGET_NAME)";
				SWIFT_VERSION = 5.0;
				TARGETED_DEVICE_FAMILY = "1,2";
			};
			name = Debug;
		};
		FB52BB4F26E4DBC20034CB03 /* Release */ = {
			isa = XCBuildConfiguration;
			buildSettings = {
				ASSETCATALOG_COMPILER_APPICON_NAME = AppIcon;
				ASSETCATALOG_COMPILER_GLOBAL_ACCENT_COLOR_NAME = AccentColor;
				CODE_SIGN_STYLE = Automatic;
				DEVELOPMENT_TEAM = 7888D5H57B;
				INFOPLIST_FILE = "Tip Calculator/Info.plist";
				LD_RUNPATH_SEARCH_PATHS = (
					"$(inherited)",
					"@executable_path/Frameworks",
				);
				PRODUCT_BUNDLE_IDENTIFIER = "mjk.Tip-Calculator";
				PRODUCT_NAME = "$(TARGET_NAME)";
				SWIFT_VERSION = 5.0;
				TARGETED_DEVICE_FAMILY = "1,2";
			};
			name = Release;
		};
		FB52BB5126E4DBC20034CB03 /* Debug */ = {
			isa = XCBuildConfiguration;
			buildSettings = {
				ALWAYS_EMBED_SWIFT_STANDARD_LIBRARIES = YES;
				BUNDLE_LOADER = "$(TEST_HOST)";
				CODE_SIGN_STYLE = Automatic;
				DEVELOPMENT_TEAM = 7888D5H57B;
				INFOPLIST_FILE = "Tip CalculatorTests/Info.plist";
				IPHONEOS_DEPLOYMENT_TARGET = 14.5;
				LD_RUNPATH_SEARCH_PATHS = (
					"$(inherited)",
					"@executable_path/Frameworks",
					"@loader_path/Frameworks",
				);
				PRODUCT_BUNDLE_IDENTIFIER = "mjk.Tip-CalculatorTests";
				PRODUCT_NAME = "$(TARGET_NAME)";
				SWIFT_VERSION = 5.0;
				TARGETED_DEVICE_FAMILY = "1,2";
				TEST_HOST = "$(BUILT_PRODUCTS_DIR)/Tip Calculator.app/Tip Calculator";
			};
			name = Debug;
		};
		FB52BB5226E4DBC20034CB03 /* Release */ = {
			isa = XCBuildConfiguration;
			buildSettings = {
				ALWAYS_EMBED_SWIFT_STANDARD_LIBRARIES = YES;
				BUNDLE_LOADER = "$(TEST_HOST)";
				CODE_SIGN_STYLE = Automatic;
				DEVELOPMENT_TEAM = 7888D5H57B;
				INFOPLIST_FILE = "Tip CalculatorTests/Info.plist";
				IPHONEOS_DEPLOYMENT_TARGET = 14.5;
				LD_RUNPATH_SEARCH_PATHS = (
					"$(inherited)",
					"@executable_path/Frameworks",
					"@loader_path/Frameworks",
				);
				PRODUCT_BUNDLE_IDENTIFIER = "mjk.Tip-CalculatorTests";
				PRODUCT_NAME = "$(TARGET_NAME)";
				SWIFT_VERSION = 5.0;
				TARGETED_DEVICE_FAMILY = "1,2";
				TEST_HOST = "$(BUILT_PRODUCTS_DIR)/Tip Calculator.app/Tip Calculator";
			};
			name = Release;
		};
		FB52BB5426E4DBC20034CB03 /* Debug */ = {
			isa = XCBuildConfiguration;
			buildSettings = {
				ALWAYS_EMBED_SWIFT_STANDARD_LIBRARIES = YES;
				CODE_SIGN_STYLE = Automatic;
				DEVELOPMENT_TEAM = 7888D5H57B;
				INFOPLIST_FILE = "Tip CalculatorUITests/Info.plist";
				LD_RUNPATH_SEARCH_PATHS = (
					"$(inherited)",
					"@executable_path/Frameworks",
					"@loader_path/Frameworks",
				);
				PRODUCT_BUNDLE_IDENTIFIER = "mjk.Tip-CalculatorUITests";
				PRODUCT_NAME = "$(TARGET_NAME)";
				SWIFT_VERSION = 5.0;
				TARGETED_DEVICE_FAMILY = "1,2";
				TEST_TARGET_NAME = "Tip Calculator";
			};
			name = Debug;
		};
		FB52BB5526E4DBC20034CB03 /* Release */ = {
			isa = XCBuildConfiguration;
			buildSettings = {
				ALWAYS_EMBED_SWIFT_STANDARD_LIBRARIES = YES;
				CODE_SIGN_STYLE = Automatic;
				DEVELOPMENT_TEAM = 7888D5H57B;
				INFOPLIST_FILE = "Tip CalculatorUITests/Info.plist";
				LD_RUNPATH_SEARCH_PATHS = (
					"$(inherited)",
					"@executable_path/Frameworks",
					"@loader_path/Frameworks",
				);
				PRODUCT_BUNDLE_IDENTIFIER = "mjk.Tip-CalculatorUITests";
				PRODUCT_NAME = "$(TARGET_NAME)";
				SWIFT_VERSION = 5.0;
				TARGETED_DEVICE_FAMILY = "1,2";
				TEST_TARGET_NAME = "Tip Calculator";
			};
			name = Release;
		};
/* End XCBuildConfiguration section */

/* Begin XCConfigurationList section */
		FB52BB1E26E4DBBF0034CB03 /* Build configuration list for PBXProject "Tip Calculator" */ = {
			isa = XCConfigurationList;
			buildConfigurations = (
				FB52BB4B26E4DBC20034CB03 /* Debug */,
				FB52BB4C26E4DBC20034CB03 /* Release */,
			);
			defaultConfigurationIsVisible = 0;
			defaultConfigurationName = Release;
		};
		FB52BB4D26E4DBC20034CB03 /* Build configuration list for PBXNativeTarget "Tip Calculator" */ = {
			isa = XCConfigurationList;
			buildConfigurations = (
				FB52BB4E26E4DBC20034CB03 /* Debug */,
				FB52BB4F26E4DBC20034CB03 /* Release */,
			);
			defaultConfigurationIsVisible = 0;
			defaultConfigurationName = Release;
		};
		FB52BB5026E4DBC20034CB03 /* Build configuration list for PBXNativeTarget "Tip CalculatorTests" */ = {
			isa = XCConfigurationList;
			buildConfigurations = (
				FB52BB5126E4DBC20034CB03 /* Debug */,
				FB52BB5226E4DBC20034CB03 /* Release */,
			);
			defaultConfigurationIsVisible = 0;
			defaultConfigurationName = Release;
		};
		FB52BB5326E4DBC20034CB03 /* Build configuration list for PBXNativeTarget "Tip CalculatorUITests" */ = {
			isa = XCConfigurationList;
			buildConfigurations = (
				FB52BB5426E4DBC20034CB03 /* Debug */,
				FB52BB5526E4DBC20034CB03 /* Release */,
			);
			defaultConfigurationIsVisible = 0;
			defaultConfigurationName = Release;
		};
/* End XCConfigurationList section */
	};
	rootObject = FB52BB1B26E4DBBF0034CB03 /* Project object */;
}
